// !$*UTF8*$!
{
	archiveVersion = 1;
	classes = {
	};
	objectVersion = 46;
	objects = {

/* Begin PBXBuildFile section */
		00A9ABC21F1BA49000899B94 /* SMC.swift in Sources */ = {isa = PBXBuildFile; fileRef = 00A9ABC11F1BA49000899B94 /* SMC.swift */; };
		00AA344C1F1ABE7D00CC14B9 /* AppDelegate.swift in Sources */ = {isa = PBXBuildFile; fileRef = 00AA344B1F1ABE7D00CC14B9 /* AppDelegate.swift */; };
		00AA344E1F1ABE7D00CC14B9 /* ViewController.swift in Sources */ = {isa = PBXBuildFile; fileRef = 00AA344D1F1ABE7D00CC14B9 /* ViewController.swift */; };
		00AA34501F1ABE7D00CC14B9 /* Assets.xcassets in Resources */ = {isa = PBXBuildFile; fileRef = 00AA344F1F1ABE7D00CC14B9 /* Assets.xcassets */; };
		00AA34531F1ABE7D00CC14B9 /* Main.storyboard in Resources */ = {isa = PBXBuildFile; fileRef = 00AA34511F1ABE7D00CC14B9 /* Main.storyboard */; };
		00AA345C1F1B7CBA00CC14B9 /* InfoView.swift in Sources */ = {isa = PBXBuildFile; fileRef = 00AA345B1F1B7CBA00CC14B9 /* InfoView.swift */; };
/* End PBXBuildFile section */

/* Begin PBXFileReference section */
		00A9ABC11F1BA49000899B94 /* SMC.swift */ = {isa = PBXFileReference; fileEncoding = 4; lastKnownFileType = sourcecode.swift; path = SMC.swift; sourceTree = "<group>"; };
		00AA34481F1ABE7D00CC14B9 /* stMonitor.app */ = {isa = PBXFileReference; explicitFileType = wrapper.application; includeInIndex = 0; path = stMonitor.app; sourceTree = BUILT_PRODUCTS_DIR; };
		00AA344B1F1ABE7D00CC14B9 /* AppDelegate.swift */ = {isa = PBXFileReference; lastKnownFileType = sourcecode.swift; path = AppDelegate.swift; sourceTree = "<group>"; };
		00AA344D1F1ABE7D00CC14B9 /* ViewController.swift */ = {isa = PBXFileReference; lastKnownFileType = sourcecode.swift; path = ViewController.swift; sourceTree = "<group>"; };
		00AA344F1F1ABE7D00CC14B9 /* Assets.xcassets */ = {isa = PBXFileReference; lastKnownFileType = folder.assetcatalog; path = Assets.xcassets; sourceTree = "<group>"; };
		00AA34521F1ABE7D00CC14B9 /* Base */ = {isa = PBXFileReference; lastKnownFileType = file.storyboard; name = Base; path = Base.lproj/Main.storyboard; sourceTree = "<group>"; };
		00AA34541F1ABE7D00CC14B9 /* Info.plist */ = {isa = PBXFileReference; lastKnownFileType = text.plist.xml; path = Info.plist; sourceTree = "<group>"; };
		00AA345B1F1B7CBA00CC14B9 /* InfoView.swift */ = {isa = PBXFileReference; fileEncoding = 4; lastKnownFileType = sourcecode.swift; path = InfoView.swift; sourceTree = "<group>"; };
/* End PBXFileReference section */

/* Begin PBXFrameworksBuildPhase section */
		00AA34451F1ABE7D00CC14B9 /* Frameworks */ = {
			isa = PBXFrameworksBuildPhase;
			buildActionMask = 2147483647;
			files = (
			);
			runOnlyForDeploymentPostprocessing = 0;
		};
/* End PBXFrameworksBuildPhase section */

/* Begin PBXGroup section */
		00AA343F1F1ABE7D00CC14B9 = {
			isa = PBXGroup;
			children = (
				00AA344A1F1ABE7D00CC14B9 /* stMonitor */,
				00AA34491F1ABE7D00CC14B9 /* Products */,
			);
			sourceTree = "<group>";
		};
		00AA34491F1ABE7D00CC14B9 /* Products */ = {
			isa = PBXGroup;
			children = (
				00AA34481F1ABE7D00CC14B9 /* stMonitor.app */,
			);
			name = Products;
			sourceTree = "<group>";
		};
		00AA344A1F1ABE7D00CC14B9 /* stMonitor */ = {
			isa = PBXGroup;
			children = (
				00AA345A1F1B7C0C00CC14B9 /* View */,
				00AA344B1F1ABE7D00CC14B9 /* AppDelegate.swift */,
				00AA344F1F1ABE7D00CC14B9 /* Assets.xcassets */,
				00AA34511F1ABE7D00CC14B9 /* Main.storyboard */,
				00AA34541F1ABE7D00CC14B9 /* Info.plist */,
				00A9ABC11F1BA49000899B94 /* SMC.swift */,
			);
			path = stMonitor;
			sourceTree = "<group>";
		};
		00AA345A1F1B7C0C00CC14B9 /* View */ = {
			isa = PBXGroup;
			children = (
				00AA344D1F1ABE7D00CC14B9 /* ViewController.swift */,
				00AA345B1F1B7CBA00CC14B9 /* InfoView.swift */,
			);
			name = View;
			sourceTree = "<group>";
		};
/* End PBXGroup section */

/* Begin PBXNativeTarget section */
		00AA34471F1ABE7D00CC14B9 /* stMonitor */ = {
			isa = PBXNativeTarget;
			buildConfigurationList = 00AA34571F1ABE7D00CC14B9 /* Build configuration list for PBXNativeTarget "stMonitor" */;
			buildPhases = (
				00AA34441F1ABE7D00CC14B9 /* Sources */,
				00AA34451F1ABE7D00CC14B9 /* Frameworks */,
				00AA34461F1ABE7D00CC14B9 /* Resources */,
			);
			buildRules = (
			);
			dependencies = (
			);
			name = stMonitor;
			productName = stMonitor;
			productReference = 00AA34481F1ABE7D00CC14B9 /* stMonitor.app */;
			productType = "com.apple.product-type.application";
		};
/* End PBXNativeTarget section */

/* Begin PBXProject section */
		00AA34401F1ABE7D00CC14B9 /* Project object */ = {
			isa = PBXProject;
			attributes = {
				LastSwiftUpdateCheck = 0830;
				LastUpgradeCheck = 0830;
				ORGANIZATIONNAME = letit0or1;
				TargetAttributes = {
					00AA34471F1ABE7D00CC14B9 = {
						CreatedOnToolsVersion = 8.3.3;
						DevelopmentTeam = 73GFM555J9;
						ProvisioningStyle = Automatic;
					};
				};
			};
			buildConfigurationList = 00AA34431F1ABE7D00CC14B9 /* Build configuration list for PBXProject "stMonitor" */;
			compatibilityVersion = "Xcode 3.2";
			developmentRegion = English;
			hasScannedForEncodings = 0;
			knownRegions = (
				en,
				Base,
			);
			mainGroup = 00AA343F1F1ABE7D00CC14B9;
			productRefGroup = 00AA34491F1ABE7D00CC14B9 /* Products */;
			projectDirPath = "";
			projectRoot = "";
			targets = (
				00AA34471F1ABE7D00CC14B9 /* stMonitor */,
			);
		};
/* End PBXProject section */

/* Begin PBXResourcesBuildPhase section */
		00AA34461F1ABE7D00CC14B9 /* Resources */ = {
			isa = PBXResourcesBuildPhase;
			buildActionMask = 2147483647;
			files = (
				00AA34501F1ABE7D00CC14B9 /* Assets.xcassets in Resources */,
				00AA34531F1ABE7D00CC14B9 /* Main.storyboard in Resources */,
			);
			runOnlyForDeploymentPostprocessing = 0;
		};
/* End PBXResourcesBuildPhase section */

/* Begin PBXSourcesBuildPhase section */
		00AA34441F1ABE7D00CC14B9 /* Sources */ = {
			isa = PBXSourcesBuildPhase;
			buildActionMask = 2147483647;
			files = (
				00AA344E1F1ABE7D00CC14B9 /* ViewController.swift in Sources */,
				00AA345C1F1B7CBA00CC14B9 /* InfoView.swift in Sources */,
				00AA344C1F1ABE7D00CC14B9 /* AppDelegate.swift in Sources */,
				00A9ABC21F1BA49000899B94 /* SMC.swift in Sources */,
			);
			runOnlyForDeploymentPostprocessing = 0;
		};
/* End PBXSourcesBuildPhase section */

/* Begin PBXVariantGroup section */
		00AA34511F1ABE7D00CC14B9 /* Main.storyboard */ = {
			isa = PBXVariantGroup;
			children = (
				00AA34521F1ABE7D00CC14B9 /* Base */,
			);
			name = Main.storyboard;
			sourceTree = "<group>";
		};
/* End PBXVariantGroup section */

/* Begin XCBuildConfiguration section */
		00AA34551F1ABE7D00CC14B9 /* Debug */ = {
			isa = XCBuildConfiguration;
			buildSettings = {
				ALWAYS_SEARCH_USER_PATHS = NO;
				CLANG_ANALYZER_NONNULL = YES;
				CLANG_ANALYZER_NUMBER_OBJECT_CONVERSION = YES_AGGRESSIVE;
				CLANG_CXX_LANGUAGE_STANDARD = "gnu++0x";
				CLANG_CXX_LIBRARY = "libc++";
				CLANG_ENABLE_MODULES = YES;
				CLANG_ENABLE_OBJC_ARC = YES;
				CLANG_WARN_BOOL_CONVERSION = YES;
				CLANG_WARN_CONSTANT_CONVERSION = YES;
				CLANG_WARN_DIRECT_OBJC_ISA_USAGE = YES_ERROR;
				CLANG_WARN_DOCUMENTATION_COMMENTS = YES;
				CLANG_WARN_EMPTY_BODY = YES;
				CLANG_WARN_ENUM_CONVERSION = YES;
				CLANG_WARN_INFINITE_RECURSION = YES;
				CLANG_WARN_INT_CONVERSION = YES;
				CLANG_WARN_OBJC_ROOT_CLASS = YES_ERROR;
				CLANG_WARN_SUSPICIOUS_MOVE = YES;
				CLANG_WARN_UNREACHABLE_CODE = YES;
				CLANG_WARN__DUPLICATE_METHOD_MATCH = YES;
				CODE_SIGN_IDENTITY = "-";
				COPY_PHASE_STRIP = NO;
				DEBUG_INFORMATION_FORMAT = dwarf;
				ENABLE_STRICT_OBJC_MSGSEND = YES;
				ENABLE_TESTABILITY = YES;
				GCC_C_LANGUAGE_STANDARD = gnu99;
				GCC_DYNAMIC_NO_PIC = NO;
				GCC_NO_COMMON_BLOCKS = YES;
				GCC_OPTIMIZATION_LEVEL = 0;
				GCC_PREPROCESSOR_DEFINITIONS = (
					"DEBUG=1",
					"$(inherited)",
				);
				GCC_WARN_64_TO_32_BIT_CONVERSION = YES;
				GCC_WARN_ABOUT_RETURN_TYPE = YES_ERROR;
				GCC_WARN_UNDECLARED_SELECTOR = YES;
				GCC_WARN_UNINITIALIZED_AUTOS = YES_AGGRESSIVE;
				GCC_WARN_UNUSED_FUNCTION = YES;
				GCC_WARN_UNUSED_VARIABLE = YES;
				MACOSX_DEPLOYMENT_TARGET = 10.12;
				MTL_ENABLE_DEBUG_INFO = YES;
				ONLY_ACTIVE_ARCH = YES;
				SDKROOT = macosx;
				SWIFT_ACTIVE_COMPILATION_CONDITIONS = DEBUG;
				SWIFT_OPTIMIZATION_LEVEL = "-Onone";
			};
			name = Debug;
		};
		00AA34561F1ABE7D00CC14B9 /* Release */ = {
			isa = XCBuildConfiguration;
			buildSettings = {
				ALWAYS_SEARCH_USER_PATHS = NO;
				CLANG_ANALYZER_NONNULL = YES;
				CLANG_ANALYZER_NUMBER_OBJECT_CONVERSION = YES_AGGRESSIVE;
				CLANG_CXX_LANGUAGE_STANDARD = "gnu++0x";
				CLANG_CXX_LIBRARY = "libc++";
				CLANG_ENABLE_MODULES = YES;
				CLANG_ENABLE_OBJC_ARC = YES;
				CLANG_WARN_BOOL_CONVERSION = YES;
				CLANG_WARN_CONSTANT_CONVERSION = YES;
				CLANG_WARN_DIRECT_OBJC_ISA_USAGE = YES_ERROR;
				CLANG_WARN_DOCUMENTATION_COMMENTS = YES;
				CLANG_WARN_EMPTY_BODY = YES;
				CLANG_WARN_ENUM_CONVERSION = YES;
				CLANG_WARN_INFINITE_RECURSION = YES;
				CLANG_WARN_INT_CONVERSION = YES;
				CLANG_WARN_OBJC_ROOT_CLASS = YES_ERROR;
				CLANG_WARN_SUSPICIOUS_MOVE = YES;
				CLANG_WARN_UNREACHABLE_CODE = YES;
				CLANG_WARN__DUPLICATE_METHOD_MATCH = YES;
				CODE_SIGN_IDENTITY = "-";
				COPY_PHASE_STRIP = NO;
				DEBUG_INFORMATION_FORMAT = "dwarf-with-dsym";
				ENABLE_NS_ASSERTIONS = NO;
				ENABLE_STRICT_OBJC_MSGSEND = YES;
				GCC_C_LANGUAGE_STANDARD = gnu99;
				GCC_NO_COMMON_BLOCKS = YES;
				GCC_WARN_64_TO_32_BIT_CONVERSION = YES;
				GCC_WARN_ABOUT_RETURN_TYPE = YES_ERROR;
				GCC_WARN_UNDECLARED_SELECTOR = YES;
				GCC_WARN_UNINITIALIZED_AUTOS = YES_AGGRESSIVE;
				GCC_WARN_UNUSED_FUNCTION = YES;
				GCC_WARN_UNUSED_VARIABLE = YES;
				MACOSX_DEPLOYMENT_TARGET = 10.12;
				MTL_ENABLE_DEBUG_INFO = NO;
				SDKROOT = macosx;
				SWIFT_OPTIMIZATION_LEVEL = "-Owholemodule";
			};
			name = Release;
		};
		00AA34581F1ABE7D00CC14B9 /* Debug */ = {
			isa = XCBuildConfiguration;
			buildSettings = {
				ASSETCATALOG_COMPILER_APPICON_NAME = AppIcon;
				COMBINE_HIDPI_IMAGES = YES;
				DEVELOPMENT_TEAM = 73GFM555J9;
				INFOPLIST_FILE = stMonitor/Info.plist;
				LD_RUNPATH_SEARCH_PATHS = "$(inherited) @executable_path/../Frameworks";
				PRODUCT_BUNDLE_IDENTIFIER = com.letit0or1.akimaleo.stMonitor;
				PRODUCT_NAME = "$(TARGET_NAME)";
				SWIFT_VERSION = 3.0;
			};
			name = Debug;
		};
		00AA34591F1ABE7D00CC14B9 /* Release */ = {
			isa = XCBuildConfiguration;
			buildSettings = {
				ASSETCATALOG_COMPILER_APPICON_NAME = AppIcon;
				COMBINE_HIDPI_IMAGES = YES;
				DEVELOPMENT_TEAM = 73GFM555J9;
				INFOPLIST_FILE = stMonitor/Info.plist;
				LD_RUNPATH_SEARCH_PATHS = "$(inherited) @executable_path/../Frameworks";
				PRODUCT_BUNDLE_IDENTIFIER = com.letit0or1.akimaleo.stMonitor;
				PRODUCT_NAME = "$(TARGET_NAME)";
				SWIFT_VERSION = 3.0;
			};
			name = Release;
		};
/* End XCBuildConfiguration section */

/* Begin XCConfigurationList section */
		00AA34431F1ABE7D00CC14B9 /* Build configuration list for PBXProject "stMonitor" */ = {
			isa = XCConfigurationList;
			buildConfigurations = (
				00AA34551F1ABE7D00CC14B9 /* Debug */,
				00AA34561F1ABE7D00CC14B9 /* Release */,
			);
			defaultConfigurationIsVisible = 0;
			defaultConfigurationName = Release;
		};
		00AA34571F1ABE7D00CC14B9 /* Build configuration list for PBXNativeTarget "stMonitor" */ = {
			isa = XCConfigurationList;
			buildConfigurations = (
				00AA34581F1ABE7D00CC14B9 /* Debug */,
				00AA34591F1ABE7D00CC14B9 /* Release */,
			);
			defaultConfigurationIsVisible = 0;
			defaultConfigurationName = Release;
		};
/* End XCConfigurationList section */
	};
	rootObject = 00AA34401F1ABE7D00CC14B9 /* Project object */;
}
